
Microsoft Visual Studio Solution File, Format Version 12.00
# Visual Studio 15
VisualStudioVersion = 15.0.28307.136
MinimumVisualStudioVersion = 10.0.40219.1
Project("{2150E333-8FDC-42A3-9474-1A3956D46DE8}") = "Recursion", "Recursion", "{388E771D-7630-4BFB-BDAB-0F043BE1D10E}"
EndProject
Project("{9A19103F-16F7-4668-BE54-9A1E7A4F7556}") = "01.RecursiveArraySum", "Recursion\01.RecursiveArraySum\01.RecursiveArraySum.csproj", "{2E0BDA84-8B49-4C71-8C2A-E893BCF904D5}"
EndProject
Project("{9A19103F-16F7-4668-BE54-9A1E7A4F7556}") = "02.RecursiveFactorial", "Recursion\02.RecursiveFactorial\02.RecursiveFactorial.csproj", "{64D6F0DF-C6CA-42B3-9219-4F110D1DD779}"
EndProject
Project("{9A19103F-16F7-4668-BE54-9A1E7A4F7556}") = "03.RecursiveDrawing", "Recursion\03.RecursiveDrawing\03.RecursiveDrawing.csproj", "{E3F53CAA-78F7-482D-85ED-2F051215CFEA}"
EndProject
Project("{9A19103F-16F7-4668-BE54-9A1E7A4F7556}") = "04.Generating01Vectors", "Recursion\04.Generating01Vectors\04.Generating01Vectors.csproj", "{90B827BC-DFF0-4157-9E3E-528DED9CB54E}"
EndProject
Project("{9A19103F-16F7-4668-BE54-9A1E7A4F7556}") = "05.GeneratingCombinations", "Recursion\05.GeneratingCombinations\05.GeneratingCombinations.csproj", "{A3BDE6D2-E5A2-4601-800D-E3F40EDB6044}"
EndProject
Project("{9A19103F-16F7-4668-BE54-9A1E7A4F7556}") = "06.8QueensPuzzle", "Recursion\06.8QueensPuzzle\06.8QueensPuzzle.csproj", "{2FD1F6E7-8235-4FB6-9299-9B76E68F9E40}"
EndProject
Project("{9A19103F-16F7-4668-BE54-9A1E7A4F7556}") = "07.PathsInLabyrinth", "Recursion\07.PathsInLabyrinth\07.PathsInLabyrinth.csproj", "{3AEFEE26-774F-43B7-84E5-463D843E120D}"
EndProject
Project("{FAE04EC0-301F-11D3-BF4B-00C04F79EFBC}") = "2.01.ReverseArray", "Recursion\-01.ReverseArray\2.01.ReverseArray.csproj", "{A2A10CCC-CEA3-4615-85EA-CC416A82763A}"
EndProject
Project("{FAE04EC0-301F-11D3-BF4B-00C04F79EFBC}") = "2.02.NestedLoops", "Recursion\2.02.NestedLoops\2.02.NestedLoops.csproj", "{0376A858-DFE1-4CCB-8640-B91EBF58B3D8}"
EndProject
Project("{FAE04EC0-301F-11D3-BF4B-00C04F79EFBC}") = "2.03.CombinationsWithRepetition", "2.03.CombinationsWithRepetition\2.03.CombinationsWithRepetition.csproj", "{21377A8A-0D1C-46DD-8E7C-B6F6C80D9769}"
EndProject
Project("{FAE04EC0-301F-11D3-BF4B-00C04F79EFBC}") = "2.04.TowersOfHanoi", "2.04.TowersOfHanoi\2.04.TowersOfHanoi.csproj", "{26C1BF5D-C4BF-4D2F-A118-9EB1887D401F}"
EndProject
Project("{FAE04EC0-301F-11D3-BF4B-00C04F79EFBC}") = "2.05.CombinationsWithoutRepetition", "2.05.CombinationsWithoutRepetition\2.05.CombinationsWithoutRepetition.csproj", "{E902CE34-A5BA-4593-AA1A-E89D3268C9BF}"
EndProject
Project("{FAE04EC0-301F-11D3-BF4B-00C04F79EFBC}") = "2.06.ConnectedAreasInMatrix", "Recursion\06.ConnectedAreasInMatrix\2.06.ConnectedAreasInMatrix.csproj", "{5AF05576-96F9-48FA-A72E-B9582938E776}"
EndProject
Global
	GlobalSection(SolutionConfigurationPlatforms) = preSolution
		Debug|Any CPU = Debug|Any CPU
		Release|Any CPU = Release|Any CPU
	EndGlobalSection
	GlobalSection(ProjectConfigurationPlatforms) = postSolution
		{2E0BDA84-8B49-4C71-8C2A-E893BCF904D5}.Debug|Any CPU.ActiveCfg = Debug|Any CPU
		{2E0BDA84-8B49-4C71-8C2A-E893BCF904D5}.Debug|Any CPU.Build.0 = Debug|Any CPU
		{2E0BDA84-8B49-4C71-8C2A-E893BCF904D5}.Release|Any CPU.ActiveCfg = Release|Any CPU
		{2E0BDA84-8B49-4C71-8C2A-E893BCF904D5}.Release|Any CPU.Build.0 = Release|Any CPU
		{64D6F0DF-C6CA-42B3-9219-4F110D1DD779}.Debug|Any CPU.ActiveCfg = Debug|Any CPU
		{64D6F0DF-C6CA-42B3-9219-4F110D1DD779}.Debug|Any CPU.Build.0 = Debug|Any CPU
		{64D6F0DF-C6CA-42B3-9219-4F110D1DD779}.Release|Any CPU.ActiveCfg = Release|Any CPU
		{64D6F0DF-C6CA-42B3-9219-4F110D1DD779}.Release|Any CPU.Build.0 = Release|Any CPU
		{E3F53CAA-78F7-482D-85ED-2F051215CFEA}.Debug|Any CPU.ActiveCfg = Debug|Any CPU
		{E3F53CAA-78F7-482D-85ED-2F051215CFEA}.Debug|Any CPU.Build.0 = Debug|Any CPU
		{E3F53CAA-78F7-482D-85ED-2F051215CFEA}.Release|Any CPU.ActiveCfg = Release|Any CPU
		{E3F53CAA-78F7-482D-85ED-2F051215CFEA}.Release|Any CPU.Build.0 = Release|Any CPU
		{90B827BC-DFF0-4157-9E3E-528DED9CB54E}.Debug|Any CPU.ActiveCfg = Debug|Any CPU
		{90B827BC-DFF0-4157-9E3E-528DED9CB54E}.Debug|Any CPU.Build.0 = Debug|Any CPU
		{90B827BC-DFF0-4157-9E3E-528DED9CB54E}.Release|Any CPU.ActiveCfg = Release|Any CPU
		{90B827BC-DFF0-4157-9E3E-528DED9CB54E}.Release|Any CPU.Build.0 = Release|Any CPU
		{A3BDE6D2-E5A2-4601-800D-E3F40EDB6044}.Debug|Any CPU.ActiveCfg = Debug|Any CPU
		{A3BDE6D2-E5A2-4601-800D-E3F40EDB6044}.Debug|Any CPU.Build.0 = Debug|Any CPU
		{A3BDE6D2-E5A2-4601-800D-E3F40EDB6044}.Release|Any CPU.ActiveCfg = Release|Any CPU
		{A3BDE6D2-E5A2-4601-800D-E3F40EDB6044}.Release|Any CPU.Build.0 = Release|Any CPU
		{2FD1F6E7-8235-4FB6-9299-9B76E68F9E40}.Debug|Any CPU.ActiveCfg = Debug|Any CPU
		{2FD1F6E7-8235-4FB6-9299-9B76E68F9E40}.Debug|Any CPU.Build.0 = Debug|Any CPU
		{2FD1F6E7-8235-4FB6-9299-9B76E68F9E40}.Release|Any CPU.ActiveCfg = Release|Any CPU
		{2FD1F6E7-8235-4FB6-9299-9B76E68F9E40}.Release|Any CPU.Build.0 = Release|Any CPU
		{3AEFEE26-774F-43B7-84E5-463D843E120D}.Debug|Any CPU.ActiveCfg = Debug|Any CPU
		{3AEFEE26-774F-43B7-84E5-463D843E120D}.Debug|Any CPU.Build.0 = Debug|Any CPU
		{3AEFEE26-774F-43B7-84E5-463D843E120D}.Release|Any CPU.ActiveCfg = Release|Any CPU
		{3AEFEE26-774F-43B7-84E5-463D843E120D}.Release|Any CPU.Build.0 = Release|Any CPU
		{A2A10CCC-CEA3-4615-85EA-CC416A82763A}.Debug|Any CPU.ActiveCfg = Debug|Any CPU
		{A2A10CCC-CEA3-4615-85EA-CC416A82763A}.Debug|Any CPU.Build.0 = Debug|Any CPU
		{A2A10CCC-CEA3-4615-85EA-CC416A82763A}.Release|Any CPU.ActiveCfg = Release|Any CPU
		{A2A10CCC-CEA3-4615-85EA-CC416A82763A}.Release|Any CPU.Build.0 = Release|Any CPU
		{0376A858-DFE1-4CCB-8640-B91EBF58B3D8}.Debug|Any CPU.ActiveCfg = Debug|Any CPU
		{0376A858-DFE1-4CCB-8640-B91EBF58B3D8}.Debug|Any CPU.Build.0 = Debug|Any CPU
		{0376A858-DFE1-4CCB-8640-B91EBF58B3D8}.Release|Any CPU.ActiveCfg = Release|Any CPU
		{0376A858-DFE1-4CCB-8640-B91EBF58B3D8}.Release|Any CPU.Build.0 = Release|Any CPU
		{21377A8A-0D1C-46DD-8E7C-B6F6C80D9769}.Debug|Any CPU.ActiveCfg = Debug|Any CPU
		{21377A8A-0D1C-46DD-8E7C-B6F6C80D9769}.Debug|Any CPU.Build.0 = Debug|Any CPU
		{21377A8A-0D1C-46DD-8E7C-B6F6C80D9769}.Release|Any CPU.ActiveCfg = Release|Any CPU
		{21377A8A-0D1C-46DD-8E7C-B6F6C80D9769}.Release|Any CPU.Build.0 = Release|Any CPU
		{26C1BF5D-C4BF-4D2F-A118-9EB1887D401F}.Debug|Any CPU.ActiveCfg = Debug|Any CPU
		{26C1BF5D-C4BF-4D2F-A118-9EB1887D401F}.Debug|Any CPU.Build.0 = Debug|Any CPU
		{26C1BF5D-C4BF-4D2F-A118-9EB1887D401F}.Release|Any CPU.ActiveCfg = Release|Any CPU
		{26C1BF5D-C4BF-4D2F-A118-9EB1887D401F}.Release|Any CPU.Build.0 = Release|Any CPU
		{E902CE34-A5BA-4593-AA1A-E89D3268C9BF}.Debug|Any CPU.ActiveCfg = Debug|Any CPU
		{E902CE34-A5BA-4593-AA1A-E89D3268C9BF}.Debug|Any CPU.Build.0 = Debug|Any CPU
		{E902CE34-A5BA-4593-AA1A-E89D3268C9BF}.Release|Any CPU.ActiveCfg = Release|Any CPU
		{E902CE34-A5BA-4593-AA1A-E89D3268C9BF}.Release|Any CPU.Build.0 = Release|Any CPU
		{5AF05576-96F9-48FA-A72E-B9582938E776}.Debug|Any CPU.ActiveCfg = Debug|Any CPU
		{5AF05576-96F9-48FA-A72E-B9582938E776}.Debug|Any CPU.Build.0 = Debug|Any CPU
		{5AF05576-96F9-48FA-A72E-B9582938E776}.Release|Any CPU.ActiveCfg = Release|Any CPU
		{5AF05576-96F9-48FA-A72E-B9582938E776}.Release|Any CPU.Build.0 = Release|Any CPU
	EndGlobalSection
	GlobalSection(SolutionProperties) = preSolution
		HideSolutionNode = FALSE
	EndGlobalSection
	GlobalSection(NestedProjects) = preSolution
		{2E0BDA84-8B49-4C71-8C2A-E893BCF904D5} = {388E771D-7630-4BFB-BDAB-0F043BE1D10E}
		{64D6F0DF-C6CA-42B3-9219-4F110D1DD779} = {388E771D-7630-4BFB-BDAB-0F043BE1D10E}
		{E3F53CAA-78F7-482D-85ED-2F051215CFEA} = {388E771D-7630-4BFB-BDAB-0F043BE1D10E}
		{90B827BC-DFF0-4157-9E3E-528DED9CB54E} = {388E771D-7630-4BFB-BDAB-0F043BE1D10E}
		{A3BDE6D2-E5A2-4601-800D-E3F40EDB6044} = {388E771D-7630-4BFB-BDAB-0F043BE1D10E}
		{2FD1F6E7-8235-4FB6-9299-9B76E68F9E40} = {388E771D-7630-4BFB-BDAB-0F043BE1D10E}
		{3AEFEE26-774F-43B7-84E5-463D843E120D} = {388E771D-7630-4BFB-BDAB-0F043BE1D10E}
		{A2A10CCC-CEA3-4615-85EA-CC416A82763A} = {388E771D-7630-4BFB-BDAB-0F043BE1D10E}
		{0376A858-DFE1-4CCB-8640-B91EBF58B3D8} = {388E771D-7630-4BFB-BDAB-0F043BE1D10E}
		{21377A8A-0D1C-46DD-8E7C-B6F6C80D9769} = {388E771D-7630-4BFB-BDAB-0F043BE1D10E}
		{26C1BF5D-C4BF-4D2F-A118-9EB1887D401F} = {388E771D-7630-4BFB-BDAB-0F043BE1D10E}
		{E902CE34-A5BA-4593-AA1A-E89D3268C9BF} = {388E771D-7630-4BFB-BDAB-0F043BE1D10E}
		{5AF05576-96F9-48FA-A72E-B9582938E776} = {388E771D-7630-4BFB-BDAB-0F043BE1D10E}
	EndGlobalSection
	GlobalSection(ExtensibilityGlobals) = postSolution
		SolutionGuid = {64EFCE5A-6BD9-4D5B-8B16-134B6E3BB33C}
	EndGlobalSection
EndGlobal
